<?xml version="1.0" encoding="utf-8"?>
<Project ToolsVersion="4.0" xmlns="http://schemas.microsoft.com/developer/msbuild/2003">
  <ItemGroup>
    <Filter Include="Application">
      <UniqueIdentifier>{4FC737F1-C7A5-4376-A066-2A32D752A2FF}</UniqueIdentifier>
      <Extensions>cpp;c;cc;cxx;c++;cppm;ixx;def;odl;idl;hpj;bat;asm;asmx</Extensions>
    </Filter>
    <Filter Include="Core">
      <UniqueIdentifier>{c9807823-59af-4942-b724-71f63e05ae02}</UniqueIdentifier>
    </Filter>
    <Filter Include="Entities">
      <UniqueIdentifier>{0c4ef156-109f-4fdc-a89a-a8f4ae37d576}</UniqueIdentifier>
    </Filter>
    <Filter Include="Geometry">
      <UniqueIdentifier>{abd64156-f89b-4254-be5d-a4fe0535789a}</UniqueIdentifier>
    </Filter>
    <Filter Include="Render">
      <UniqueIdentifier>{8e269a27-b856-43d3-adc7-adff83d30331}</UniqueIdentifier>
    </Filter>
  </ItemGroup>
  <ItemGroup>
    <ClCompile Include="src\Main.cpp">
      <Filter>Application</Filter>
    </ClCompile>
    <ClCompile Include="src\Game.cpp">
      <Filter>Core</Filter>
    </ClCompile>
    <ClCompile Include="src\LogMessages.cpp">
      <Filter>Application</Filter>
    </ClCompile>
    <ClCompile Include="src\ResourceManager.cpp">
      <Filter>Application</Filter>
    </ClCompile>
    <ClCompile Include="src\Scene.cpp">
      <Filter>Core</Filter>
    </ClCompile>
    <ClCompile Include="src\Player.cpp">
      <Filter>Entities</Filter>
    </ClCompile>
    <ClCompile Include="src\Object.cpp">
      <Filter>Entities</Filter>
    </ClCompile>
    <ClCompile Include="src\Entity.cpp">
      <Filter>Entities</Filter>
    </ClCompile>
    <ClCompile Include="src\AABB.cpp">
      <Filter>Geometry</Filter>
    </ClCompile>
    <ClCompile Include="src\RenderComponent.cpp">
      <Filter>Render</Filter>
    </ClCompile>
    <ClCompile Include="src\Sprite.cpp">
      <Filter>Render</Filter>
    </ClCompile>
    <ClCompile Include="src\StaticImage.cpp">
      <Filter>Render</Filter>
    </ClCompile>
    <ClCompile Include="src\TileMap.cpp">
      <Filter>Core</Filter>
    </ClCompile>
    <ClCompile Include="src\Ghost.cpp">
      <Filter>Entities</Filter>
    </ClCompile>
    <ClCompile Include="src\Blinky.cpp">
      <Filter>Entities</Filter>
    </ClCompile>
    <ClCompile Include="src\Clyde.cpp">
      <Filter>Entities</Filter>
    </ClCompile>
    <ClCompile Include="src\Inky.cpp">
      <Filter>Entities</Filter>
    </ClCompile>
    <ClCompile Include="src\Pinky.cpp">
      <Filter>Entities</Filter>
    </ClCompile>
    <ClCompile Include="src\NavMesh.cpp">
      <Filter>Core</Filter>
    </ClCompile>
    <ClCompile Include="src\Puntuation.cpp">
      <Filter>Entities</Filter>
    </ClCompile>
  </ItemGroup>
  <ItemGroup>
    <ClInclude Include="src\MemoryLeaks.h">
      <Filter>Application</Filter>
    </ClInclude>
    <ClInclude Include="src\Game.h">
      <Filter>Core</Filter>
    </ClInclude>
    <ClInclude Include="src\Globals.h">
      <Filter>Application</Filter>
    </ClInclude>
    <ClInclude Include="src\LogMessages.h">
      <Filter>Application</Filter>
    </ClInclude>
    <ClInclude Include="src\ResourceManager.h">
      <Filter>Application</Filter>
    </ClInclude>
    <ClInclude Include="src\Scene.h">
      <Filter>Core</Filter>
    </ClInclude>
    <ClInclude Include="src\Player.h">
      <Filter>Entities</Filter>
    </ClInclude>
    <ClInclude Include="src\Object.h">
      <Filter>Entities</Filter>
    </ClInclude>
    <ClInclude Include="src\Entity.h">
      <Filter>Entities</Filter>
    </ClInclude>
    <ClInclude Include="src\Point.h">
      <Filter>Geometry</Filter>
    </ClInclude>
    <ClInclude Include="src\AABB.h">
      <Filter>Geometry</Filter>
    </ClInclude>
    <ClInclude Include="src\RenderComponent.h">
      <Filter>Render</Filter>
    </ClInclude>
    <ClInclude Include="src\Sprite.h">
      <Filter>Render</Filter>
    </ClInclude>
    <ClInclude Include="src\StaticImage.h">
      <Filter>Render</Filter>
    </ClInclude>
    <ClInclude Include="src\TileMap.h">
      <Filter>Core</Filter>
    </ClInclude>
    <ClInclude Include="src\Ghost.h">
      <Filter>Entities</Filter>
    </ClInclude>
    <ClInclude Include="src\Blinky.h">
      <Filter>Entities</Filter>
    </ClInclude>
    <ClInclude Include="src\Clyde.h">
      <Filter>Entities</Filter>
    </ClInclude>
    <ClInclude Include="src\Inky.h">
      <Filter>Entities</Filter>
    </ClInclude>
    <ClInclude Include="src\Pinky.h">
      <Filter>Entities</Filter>
    </ClInclude>
    <ClInclude Include="src\NavMesh.h">
      <Filter>Core</Filter>
    </ClInclude>
    <ClInclude Include="src\Puntuation.h">
      <Filter>Entities</Filter>
    </ClInclude>
  </ItemGroup>
</Project>